
Microsoft Visual Studio Solution File, Format Version 12.00
# Visual Studio Version 17
VisualStudioVersion = 17.0.31903.59
MinimumVisualStudioVersion = 10.0.40219.1
Project("{9A19103F-16F7-4668-BE54-9A1E7A4F7556}") = "DataProviderApi", "DataProviderApi\DataProviderApi.csproj", "{8FD0ACCA-8EC9-4861-AD2F-C21036D10FAE}"
EndProject
Project("{9A19103F-16F7-4668-BE54-9A1E7A4F7556}") = "RecipeAPI", "RecipeAPI\RecipeAPI.csproj", "{6199217E-A77C-4995-981C-55EFFEDA96F2}"
EndProject
Project("{9A19103F-16F7-4668-BE54-9A1E7A4F7556}") = "RecipeClient", "RecipeClient\RecipeClient.csproj", "{A2E517F6-C55F-451D-9F5E-FEC3989A5A17}"
EndProject
Global
	GlobalSection(SolutionConfigurationPlatforms) = preSolution
		Debug|Any CPU = Debug|Any CPU
		Release|Any CPU = Release|Any CPU
	EndGlobalSection
	GlobalSection(ProjectConfigurationPlatforms) = postSolution
		{8FD0ACCA-8EC9-4861-AD2F-C21036D10FAE}.Debug|Any CPU.ActiveCfg = Debug|Any CPU
		{8FD0ACCA-8EC9-4861-AD2F-C21036D10FAE}.Debug|Any CPU.Build.0 = Debug|Any CPU
		{8FD0ACCA-8EC9-4861-AD2F-C21036D10FAE}.Release|Any CPU.ActiveCfg = Release|Any CPU
		{8FD0ACCA-8EC9-4861-AD2F-C21036D10FAE}.Release|Any CPU.Build.0 = Release|Any CPU
		{6199217E-A77C-4995-981C-55EFFEDA96F2}.Debug|Any CPU.ActiveCfg = Debug|Any CPU
		{6199217E-A77C-4995-981C-55EFFEDA96F2}.Debug|Any CPU.Build.0 = Debug|Any CPU
		{6199217E-A77C-4995-981C-55EFFEDA96F2}.Release|Any CPU.ActiveCfg = Release|Any CPU
		{6199217E-A77C-4995-981C-55EFFEDA96F2}.Release|Any CPU.Build.0 = Release|Any CPU
		{A2E517F6-C55F-451D-9F5E-FEC3989A5A17}.Debug|Any CPU.ActiveCfg = Debug|Any CPU
		{A2E517F6-C55F-451D-9F5E-FEC3989A5A17}.Debug|Any CPU.Build.0 = Debug|Any CPU
		{A2E517F6-C55F-451D-9F5E-FEC3989A5A17}.Release|Any CPU.ActiveCfg = Release|Any CPU
		{A2E517F6-C55F-451D-9F5E-FEC3989A5A17}.Release|Any CPU.Build.0 = Release|Any CPU
	EndGlobalSection
	GlobalSection(SolutionProperties) = preSolution
		HideSolutionNode = FALSE
	EndGlobalSection
EndGlobal
